// !$*UTF8*$!
{
	archiveVersion = 1;
	classes = {
	};
	objectVersion = 48;
	objects = {

/* Begin PBXBuildFile section */
		60BA9F2FC554190561684B01 /* Pods_CreditCardGenerator.framework in Frameworks */ = {isa = PBXBuildFile; fileRef = FAEB3D3AF69CCC265CB910AB /* Pods_CreditCardGenerator.framework */; };
		966719971FC856C600990AAB /* AppDelegate.swift in Sources */ = {isa = PBXBuildFile; fileRef = 966719961FC856C600990AAB /* AppDelegate.swift */; };
		966719991FC856C600990AAB /* ViewController.swift in Sources */ = {isa = PBXBuildFile; fileRef = 966719981FC856C600990AAB /* ViewController.swift */; };
		9667199E1FC856C600990AAB /* Assets.xcassets in Resources */ = {isa = PBXBuildFile; fileRef = 9667199D1FC856C600990AAB /* Assets.xcassets */; };
		966719A11FC856C600990AAB /* LaunchScreen.storyboard in Resources */ = {isa = PBXBuildFile; fileRef = 9667199F1FC856C600990AAB /* LaunchScreen.storyboard */; };
		966719AF1FC857B200990AAB /* ViewModel.swift in Sources */ = {isa = PBXBuildFile; fileRef = 966719AE1FC857B200990AAB /* ViewModel.swift */; };
		966719B11FC857C100990AAB /* Int+Even.swift in Sources */ = {isa = PBXBuildFile; fileRef = 966719B01FC857C100990AAB /* Int+Even.swift */; };
		966719B31FC857D000990AAB /* CreditCardModel.swift in Sources */ = {isa = PBXBuildFile; fileRef = 966719B21FC857D000990AAB /* CreditCardModel.swift */; };
		966719B51FC857DC00990AAB /* VCBindable.swift in Sources */ = {isa = PBXBuildFile; fileRef = 966719B41FC857DC00990AAB /* VCBindable.swift */; };
		966719B91FC857F500990AAB /* ViewModelService.swift in Sources */ = {isa = PBXBuildFile; fileRef = 966719B61FC857F500990AAB /* ViewModelService.swift */; };
		966719BA1FC857F500990AAB /* APIClientService.swift in Sources */ = {isa = PBXBuildFile; fileRef = 966719B71FC857F500990AAB /* APIClientService.swift */; };
		966719BB1FC857F500990AAB /* CCGenerator.swift in Sources */ = {isa = PBXBuildFile; fileRef = 966719B81FC857F500990AAB /* CCGenerator.swift */; };
		966719BF1FC8581D00990AAB /* CardTextField.swift in Sources */ = {isa = PBXBuildFile; fileRef = 966719BD1FC8581C00990AAB /* CardTextField.swift */; };
		966719C01FC8581D00990AAB /* ViewControllerView.swift in Sources */ = {isa = PBXBuildFile; fileRef = 966719BE1FC8581D00990AAB /* ViewControllerView.swift */; };
/* End PBXBuildFile section */

/* Begin PBXFileReference section */
		0A8EFDA4F071B8BDBBA28F87 /* Pods-CreditCardGenerator.release.xcconfig */ = {isa = PBXFileReference; includeInIndex = 1; lastKnownFileType = text.xcconfig; name = "Pods-CreditCardGenerator.release.xcconfig"; path = "Pods/Target Support Files/Pods-CreditCardGenerator/Pods-CreditCardGenerator.release.xcconfig"; sourceTree = "<group>"; };
		966719931FC856C600990AAB /* CreditCardGenerator.app */ = {isa = PBXFileReference; explicitFileType = wrapper.application; includeInIndex = 0; path = CreditCardGenerator.app; sourceTree = BUILT_PRODUCTS_DIR; };
		966719961FC856C600990AAB /* AppDelegate.swift */ = {isa = PBXFileReference; lastKnownFileType = sourcecode.swift; path = AppDelegate.swift; sourceTree = "<group>"; };
		966719981FC856C600990AAB /* ViewController.swift */ = {isa = PBXFileReference; lastKnownFileType = sourcecode.swift; path = ViewController.swift; sourceTree = "<group>"; };
		9667199D1FC856C600990AAB /* Assets.xcassets */ = {isa = PBXFileReference; lastKnownFileType = folder.assetcatalog; path = Assets.xcassets; sourceTree = "<group>"; };
		966719A01FC856C600990AAB /* Base */ = {isa = PBXFileReference; lastKnownFileType = file.storyboard; name = Base; path = Base.lproj/LaunchScreen.storyboard; sourceTree = "<group>"; };
		966719A21FC856C600990AAB /* Info.plist */ = {isa = PBXFileReference; lastKnownFileType = text.plist.xml; path = Info.plist; sourceTree = "<group>"; };
		966719AE1FC857B200990AAB /* ViewModel.swift */ = {isa = PBXFileReference; fileEncoding = 4; lastKnownFileType = sourcecode.swift; path = ViewModel.swift; sourceTree = "<group>"; };
		966719B01FC857C100990AAB /* Int+Even.swift */ = {isa = PBXFileReference; fileEncoding = 4; lastKnownFileType = sourcecode.swift; path = "Int+Even.swift"; sourceTree = "<group>"; };
		966719B21FC857D000990AAB /* CreditCardModel.swift */ = {isa = PBXFileReference; fileEncoding = 4; lastKnownFileType = sourcecode.swift; path = CreditCardModel.swift; sourceTree = "<group>"; };
		966719B41FC857DC00990AAB /* VCBindable.swift */ = {isa = PBXFileReference; fileEncoding = 4; lastKnownFileType = sourcecode.swift; path = VCBindable.swift; sourceTree = "<group>"; };
		966719B61FC857F500990AAB /* ViewModelService.swift */ = {isa = PBXFileReference; fileEncoding = 4; lastKnownFileType = sourcecode.swift; path = ViewModelService.swift; sourceTree = "<group>"; };
		966719B71FC857F500990AAB /* APIClientService.swift */ = {isa = PBXFileReference; fileEncoding = 4; lastKnownFileType = sourcecode.swift; path = APIClientService.swift; sourceTree = "<group>"; };
		966719B81FC857F500990AAB /* CCGenerator.swift */ = {isa = PBXFileReference; fileEncoding = 4; lastKnownFileType = sourcecode.swift; path = CCGenerator.swift; sourceTree = "<group>"; };
		966719BD1FC8581C00990AAB /* CardTextField.swift */ = {isa = PBXFileReference; fileEncoding = 4; lastKnownFileType = sourcecode.swift; path = CardTextField.swift; sourceTree = "<group>"; };
		966719BE1FC8581D00990AAB /* ViewControllerView.swift */ = {isa = PBXFileReference; fileEncoding = 4; lastKnownFileType = sourcecode.swift; path = ViewControllerView.swift; sourceTree = "<group>"; };
		B78E7EEF3CC0C09E54D1FC6A /* Pods-CreditCardGenerator.debug.xcconfig */ = {isa = PBXFileReference; includeInIndex = 1; lastKnownFileType = text.xcconfig; name = "Pods-CreditCardGenerator.debug.xcconfig"; path = "Pods/Target Support Files/Pods-CreditCardGenerator/Pods-CreditCardGenerator.debug.xcconfig"; sourceTree = "<group>"; };
		FAEB3D3AF69CCC265CB910AB /* Pods_CreditCardGenerator.framework */ = {isa = PBXFileReference; explicitFileType = wrapper.framework; includeInIndex = 0; path = Pods_CreditCardGenerator.framework; sourceTree = BUILT_PRODUCTS_DIR; };
/* End PBXFileReference section */

/* Begin PBXFrameworksBuildPhase section */
		966719901FC856C600990AAB /* Frameworks */ = {
			isa = PBXFrameworksBuildPhase;
			buildActionMask = 2147483647;
			files = (
				60BA9F2FC554190561684B01 /* Pods_CreditCardGenerator.framework in Frameworks */,
			);
			runOnlyForDeploymentPostprocessing = 0;
		};
/* End PBXFrameworksBuildPhase section */

/* Begin PBXGroup section */
		9667198A1FC856C600990AAB = {
			isa = PBXGroup;
			children = (
				966719951FC856C600990AAB /* CreditCardGenerator */,
				966719941FC856C600990AAB /* Products */,
				F62F370C27DDFB5D7122E390 /* Pods */,
				BA81E2EB6F3AD66BACB6E178 /* Frameworks */,
			);
			sourceTree = "<group>";
		};
		966719941FC856C600990AAB /* Products */ = {
			isa = PBXGroup;
			children = (
				966719931FC856C600990AAB /* CreditCardGenerator.app */,
			);
			name = Products;
			sourceTree = "<group>";
		};
		966719951FC856C600990AAB /* CreditCardGenerator */ = {
			isa = PBXGroup;
			children = (
				966719BC1FC8580C00990AAB /* Views */,
				966719AD1FC8576900990AAB /* Controllers */,
				966719A91FC8576900990AAB /* Helpers */,
				966719A81FC8576900990AAB /* Models */,
				966719AA1FC8576900990AAB /* Protocols */,
				966719AB1FC8576900990AAB /* Services */,
				966719AC1FC8576900990AAB /* ViewModels */,
				966719961FC856C600990AAB /* AppDelegate.swift */,
				9667199D1FC856C600990AAB /* Assets.xcassets */,
				9667199F1FC856C600990AAB /* LaunchScreen.storyboard */,
				966719A21FC856C600990AAB /* Info.plist */,
			);
			path = CreditCardGenerator;
			sourceTree = "<group>";
		};
		966719A81FC8576900990AAB /* Models */ = {
			isa = PBXGroup;
			children = (
				966719B21FC857D000990AAB /* CreditCardModel.swift */,
			);
			path = Models;
			sourceTree = SOURCE_ROOT;
		};
		966719A91FC8576900990AAB /* Helpers */ = {
			isa = PBXGroup;
			children = (
				966719B01FC857C100990AAB /* Int+Even.swift */,
			);
			path = Helpers;
			sourceTree = SOURCE_ROOT;
		};
		966719AA1FC8576900990AAB /* Protocols */ = {
			isa = PBXGroup;
			children = (
				966719B41FC857DC00990AAB /* VCBindable.swift */,
			);
			path = Protocols;
			sourceTree = SOURCE_ROOT;
		};
		966719AB1FC8576900990AAB /* Services */ = {
			isa = PBXGroup;
			children = (
				966719B71FC857F500990AAB /* APIClientService.swift */,
				966719B81FC857F500990AAB /* CCGenerator.swift */,
				966719B61FC857F500990AAB /* ViewModelService.swift */,
			);
			path = Services;
			sourceTree = SOURCE_ROOT;
		};
		966719AC1FC8576900990AAB /* ViewModels */ = {
			isa = PBXGroup;
			children = (
				966719AE1FC857B200990AAB /* ViewModel.swift */,
			);
			path = ViewModels;
			sourceTree = SOURCE_ROOT;
		};
		966719AD1FC8576900990AAB /* Controllers */ = {
			isa = PBXGroup;
			children = (
				966719981FC856C600990AAB /* ViewController.swift */,
			);
			path = Controllers;
			sourceTree = SOURCE_ROOT;
		};
		966719BC1FC8580C00990AAB /* Views */ = {
			isa = PBXGroup;
			children = (
				966719BD1FC8581C00990AAB /* CardTextField.swift */,
				966719BE1FC8581D00990AAB /* ViewControllerView.swift */,
			);
			path = Views;
			sourceTree = SOURCE_ROOT;
		};
		BA81E2EB6F3AD66BACB6E178 /* Frameworks */ = {
			isa = PBXGroup;
			children = (
				FAEB3D3AF69CCC265CB910AB /* Pods_CreditCardGenerator.framework */,
			);
			name = Frameworks;
			sourceTree = "<group>";
		};
		F62F370C27DDFB5D7122E390 /* Pods */ = {
			isa = PBXGroup;
			children = (
				B78E7EEF3CC0C09E54D1FC6A /* Pods-CreditCardGenerator.debug.xcconfig */,
				0A8EFDA4F071B8BDBBA28F87 /* Pods-CreditCardGenerator.release.xcconfig */,
			);
			name = Pods;
			sourceTree = "<group>";
		};
/* End PBXGroup section */

/* Begin PBXNativeTarget section */
		966719921FC856C600990AAB /* CreditCardGenerator */ = {
			isa = PBXNativeTarget;
			buildConfigurationList = 966719A51FC856C600990AAB /* Build configuration list for PBXNativeTarget "CreditCardGenerator" */;
			buildPhases = (
				EF8B90C6E8544A495DD77D62 /* [CP] Check Pods Manifest.lock */,
				9667198F1FC856C600990AAB /* Sources */,
				966719901FC856C600990AAB /* Frameworks */,
				966719911FC856C600990AAB /* Resources */,
				68B1D8507FA127139DF977C9 /* [CP] Embed Pods Frameworks */,
				97E4C1F0A08AB07078D48BE5 /* [CP] Copy Pods Resources */,
			);
			buildRules = (
			);
			dependencies = (
			);
			name = CreditCardGenerator;
			productName = CreditCardGenerator;
			productReference = 966719931FC856C600990AAB /* CreditCardGenerator.app */;
			productType = "com.apple.product-type.application";
		};
/* End PBXNativeTarget section */

/* Begin PBXProject section */
		9667198B1FC856C600990AAB /* Project object */ = {
			isa = PBXProject;
			attributes = {
				LastSwiftUpdateCheck = 0910;
				LastUpgradeCheck = 0910;
				ORGANIZATIONNAME = bartoszWol;
				TargetAttributes = {
					966719921FC856C600990AAB = {
						CreatedOnToolsVersion = 9.1;
						ProvisioningStyle = Automatic;
					};
				};
			};
			buildConfigurationList = 9667198E1FC856C600990AAB /* Build configuration list for PBXProject "CreditCardGenerator" */;
			compatibilityVersion = "Xcode 8.0";
			developmentRegion = en;
			hasScannedForEncodings = 0;
			knownRegions = (
				en,
				Base,
			);
			mainGroup = 9667198A1FC856C600990AAB;
			productRefGroup = 966719941FC856C600990AAB /* Products */;
			projectDirPath = "";
			projectRoot = "";
			targets = (
				966719921FC856C600990AAB /* CreditCardGenerator */,
			);
		};
/* End PBXProject section */

/* Begin PBXResourcesBuildPhase section */
		966719911FC856C600990AAB /* Resources */ = {
			isa = PBXResourcesBuildPhase;
			buildActionMask = 2147483647;
			files = (
				966719A11FC856C600990AAB /* LaunchScreen.storyboard in Resources */,
				9667199E1FC856C600990AAB /* Assets.xcassets in Resources */,
			);
			runOnlyForDeploymentPostprocessing = 0;
		};
/* End PBXResourcesBuildPhase section */

/* Begin PBXShellScriptBuildPhase section */
		68B1D8507FA127139DF977C9 /* [CP] Embed Pods Frameworks */ = {
			isa = PBXShellScriptBuildPhase;
			buildActionMask = 2147483647;
			files = (
			);
			inputPaths = (
				"${SRCROOT}/Pods/Target Support Files/Pods-CreditCardGenerator/Pods-CreditCardGenerator-frameworks.sh",
				"${BUILT_PRODUCTS_DIR}/Action/Action.framework",
				"${BUILT_PRODUCTS_DIR}/FormTextField/FormTextField.framework",
				"${BUILT_PRODUCTS_DIR}/RxCocoa/RxCocoa.framework",
				"${BUILT_PRODUCTS_DIR}/RxOptional/RxOptional.framework",
				"${BUILT_PRODUCTS_DIR}/RxSwift/RxSwift.framework",
			);
			name = "[CP] Embed Pods Frameworks";
			outputPaths = (
				"${TARGET_BUILD_DIR}/${FRAMEWORKS_FOLDER_PATH}/Action.framework",
				"${TARGET_BUILD_DIR}/${FRAMEWORKS_FOLDER_PATH}/FormTextField.framework",
				"${TARGET_BUILD_DIR}/${FRAMEWORKS_FOLDER_PATH}/RxCocoa.framework",
				"${TARGET_BUILD_DIR}/${FRAMEWORKS_FOLDER_PATH}/RxOptional.framework",
				"${TARGET_BUILD_DIR}/${FRAMEWORKS_FOLDER_PATH}/RxSwift.framework",
			);
			runOnlyForDeploymentPostprocessing = 0;
			shellPath = /bin/sh;
			shellScript = "\"${SRCROOT}/Pods/Target Support Files/Pods-CreditCardGenerator/Pods-CreditCardGenerator-frameworks.sh\"\n";
			showEnvVarsInLog = 0;
		};
		97E4C1F0A08AB07078D48BE5 /* [CP] Copy Pods Resources */ = {
			isa = PBXShellScriptBuildPhase;
			buildActionMask = 2147483647;
			files = (
			);
			inputPaths = (
			);
			name = "[CP] Copy Pods Resources";
			outputPaths = (
			);
			runOnlyForDeploymentPostprocessing = 0;
			shellPath = /bin/sh;
			shellScript = "\"${SRCROOT}/Pods/Target Support Files/Pods-CreditCardGenerator/Pods-CreditCardGenerator-resources.sh\"\n";
			showEnvVarsInLog = 0;
		};
		EF8B90C6E8544A495DD77D62 /* [CP] Check Pods Manifest.lock */ = {
			isa = PBXShellScriptBuildPhase;
			buildActionMask = 2147483647;
			files = (
			);
			inputPaths = (
				"${PODS_PODFILE_DIR_PATH}/Podfile.lock",
				"${PODS_ROOT}/Manifest.lock",
			);
			name = "[CP] Check Pods Manifest.lock";
			outputPaths = (
				"$(DERIVED_FILE_DIR)/Pods-CreditCardGenerator-checkManifestLockResult.txt",
			);
			runOnlyForDeploymentPostprocessing = 0;
			shellPath = /bin/sh;
			shellScript = "diff \"${PODS_PODFILE_DIR_PATH}/Podfile.lock\" \"${PODS_ROOT}/Manifest.lock\" > /dev/null\nif [ $? != 0 ] ; then\n    # print error to STDERR\n    echo \"error: The sandbox is not in sync with the Podfile.lock. Run 'pod install' or update your CocoaPods installation.\" >&2\n    exit 1\nfi\n# This output is used by Xcode 'outputs' to avoid re-running this script phase.\necho \"SUCCESS\" > \"${SCRIPT_OUTPUT_FILE_0}\"\n";
			showEnvVarsInLog = 0;
		};
/* End PBXShellScriptBuildPhase section */

/* Begin PBXSourcesBuildPhase section */
		9667198F1FC856C600990AAB /* Sources */ = {
			isa = PBXSourcesBuildPhase;
			buildActionMask = 2147483647;
			files = (
				966719C01FC8581D00990AAB /* ViewControllerView.swift in Sources */,
				966719991FC856C600990AAB /* ViewController.swift in Sources */,
				966719B51FC857DC00990AAB /* VCBindable.swift in Sources */,
				966719B31FC857D000990AAB /* CreditCardModel.swift in Sources */,
				966719BA1FC857F500990AAB /* APIClientService.swift in Sources */,
				966719B11FC857C100990AAB /* Int+Even.swift in Sources */,
				966719BF1FC8581D00990AAB /* CardTextField.swift in Sources */,
				966719AF1FC857B200990AAB /* ViewModel.swift in Sources */,
				966719971FC856C600990AAB /* AppDelegate.swift in Sources */,
				966719BB1FC857F500990AAB /* CCGenerator.swift in Sources */,
				966719B91FC857F500990AAB /* ViewModelService.swift in Sources */,
			);
			runOnlyForDeploymentPostprocessing = 0;
		};
/* End PBXSourcesBuildPhase section */

/* Begin PBXVariantGroup section */
		9667199F1FC856C600990AAB /* LaunchScreen.storyboard */ = {
			isa = PBXVariantGroup;
			children = (
				966719A01FC856C600990AAB /* Base */,
			);
			name = LaunchScreen.storyboard;
			sourceTree = "<group>";
		};
/* End PBXVariantGroup section */

/* Begin XCBuildConfiguration section */
		966719A31FC856C600990AAB /* Debug */ = {
			isa = XCBuildConfiguration;
			buildSettings = {
				ALWAYS_SEARCH_USER_PATHS = NO;
				CLANG_ANALYZER_NONNULL = YES;
				CLANG_ANALYZER_NUMBER_OBJECT_CONVERSION = YES_AGGRESSIVE;
				CLANG_CXX_LANGUAGE_STANDARD = "gnu++14";
				CLANG_CXX_LIBRARY = "libc++";
				CLANG_ENABLE_MODULES = YES;
				CLANG_ENABLE_OBJC_ARC = YES;
				CLANG_WARN_BLOCK_CAPTURE_AUTORELEASING = YES;
				CLANG_WARN_BOOL_CONVERSION = YES;
				CLANG_WARN_COMMA = YES;
				CLANG_WARN_CONSTANT_CONVERSION = YES;
				CLANG_WARN_DIRECT_OBJC_ISA_USAGE = YES_ERROR;
				CLANG_WARN_DOCUMENTATION_COMMENTS = YES;
				CLANG_WARN_EMPTY_BODY = YES;
				CLANG_WARN_ENUM_CONVERSION = YES;
				CLANG_WARN_INFINITE_RECURSION = YES;
				CLANG_WARN_INT_CONVERSION = YES;
				CLANG_WARN_NON_LITERAL_NULL_CONVERSION = YES;
				CLANG_WARN_OBJC_LITERAL_CONVERSION = YES;
				CLANG_WARN_OBJC_ROOT_CLASS = YES_ERROR;
				CLANG_WARN_RANGE_LOOP_ANALYSIS = YES;
				CLANG_WARN_STRICT_PROTOTYPES = YES;
				CLANG_WARN_SUSPICIOUS_MOVE = YES;
				CLANG_WARN_UNGUARDED_AVAILABILITY = YES_AGGRESSIVE;
				CLANG_WARN_UNREACHABLE_CODE = YES;
				CLANG_WARN__DUPLICATE_METHOD_MATCH = YES;
				CODE_SIGN_IDENTITY = "iPhone Developer";
				COPY_PHASE_STRIP = NO;
				DEBUG_INFORMATION_FORMAT = dwarf;
				ENABLE_STRICT_OBJC_MSGSEND = YES;
				ENABLE_TESTABILITY = YES;
				GCC_C_LANGUAGE_STANDARD = gnu11;
				GCC_DYNAMIC_NO_PIC = NO;
				GCC_NO_COMMON_BLOCKS = YES;
				GCC_OPTIMIZATION_LEVEL = 0;
				GCC_PREPROCESSOR_DEFINITIONS = (
					"DEBUG=1",
					"$(inherited)",
				);
				GCC_WARN_64_TO_32_BIT_CONVERSION = YES;
				GCC_WARN_ABOUT_RETURN_TYPE = YES_ERROR;
				GCC_WARN_UNDECLARED_SELECTOR = YES;
				GCC_WARN_UNINITIALIZED_AUTOS = YES_AGGRESSIVE;
				GCC_WARN_UNUSED_FUNCTION = YES;
				GCC_WARN_UNUSED_VARIABLE = YES;
				IPHONEOS_DEPLOYMENT_TARGET = 11.1;
				MTL_ENABLE_DEBUG_INFO = YES;
				ONLY_ACTIVE_ARCH = YES;
				SDKROOT = iphoneos;
				SWIFT_ACTIVE_COMPILATION_CONDITIONS = DEBUG;
				SWIFT_OPTIMIZATION_LEVEL = "-Onone";
			};
			name = Debug;
		};
		966719A41FC856C600990AAB /* Release */ = {
			isa = XCBuildConfiguration;
			buildSettings = {
				ALWAYS_SEARCH_USER_PATHS = NO;
				CLANG_ANALYZER_NONNULL = YES;
				CLANG_ANALYZER_NUMBER_OBJECT_CONVERSION = YES_AGGRESSIVE;
				CLANG_CXX_LANGUAGE_STANDARD = "gnu++14";
				CLANG_CXX_LIBRARY = "libc++";
				CLANG_ENABLE_MODULES = YES;
				CLANG_ENABLE_OBJC_ARC = YES;
				CLANG_WARN_BLOCK_CAPTURE_AUTORELEASING = YES;
				CLANG_WARN_BOOL_CONVERSION = YES;
				CLANG_WARN_COMMA = YES;
				CLANG_WARN_CONSTANT_CONVERSION = YES;
				CLANG_WARN_DIRECT_OBJC_ISA_USAGE = YES_ERROR;
				CLANG_WARN_DOCUMENTATION_COMMENTS = YES;
				CLANG_WARN_EMPTY_BODY = YES;
				CLANG_WARN_ENUM_CONVERSION = YES;
				CLANG_WARN_INFINITE_RECURSION = YES;
				CLANG_WARN_INT_CONVERSION = YES;
				CLANG_WARN_NON_LITERAL_NULL_CONVERSION = YES;
				CLANG_WARN_OBJC_LITERAL_CONVERSION = YES;
				CLANG_WARN_OBJC_ROOT_CLASS = YES_ERROR;
				CLANG_WARN_RANGE_LOOP_ANALYSIS = YES;
				CLANG_WARN_STRICT_PROTOTYPES = YES;
				CLANG_WARN_SUSPICIOUS_MOVE = YES;
				CLANG_WARN_UNGUARDED_AVAILABILITY = YES_AGGRESSIVE;
				CLANG_WARN_UNREACHABLE_CODE = YES;
				CLANG_WARN__DUPLICATE_METHOD_MATCH = YES;
				CODE_SIGN_IDENTITY = "iPhone Developer";
				COPY_PHASE_STRIP = NO;
				DEBUG_INFORMATION_FORMAT = "dwarf-with-dsym";
				ENABLE_NS_ASSERTIONS = NO;
				ENABLE_STRICT_OBJC_MSGSEND = YES;
				GCC_C_LANGUAGE_STANDARD = gnu11;
				GCC_NO_COMMON_BLOCKS = YES;
				GCC_WARN_64_TO_32_BIT_CONVERSION = YES;
				GCC_WARN_ABOUT_RETURN_TYPE = YES_ERROR;
				GCC_WARN_UNDECLARED_SELECTOR = YES;
				GCC_WARN_UNINITIALIZED_AUTOS = YES_AGGRESSIVE;
				GCC_WARN_UNUSED_FUNCTION = YES;
				GCC_WARN_UNUSED_VARIABLE = YES;
				IPHONEOS_DEPLOYMENT_TARGET = 11.1;
				MTL_ENABLE_DEBUG_INFO = NO;
				SDKROOT = iphoneos;
				SWIFT_OPTIMIZATION_LEVEL = "-Owholemodule";
				VALIDATE_PRODUCT = YES;
			};
			name = Release;
		};
		966719A61FC856C600990AAB /* Debug */ = {
			isa = XCBuildConfiguration;
			baseConfigurationReference = B78E7EEF3CC0C09E54D1FC6A /* Pods-CreditCardGenerator.debug.xcconfig */;
			buildSettings = {
				ASSETCATALOG_COMPILER_APPICON_NAME = AppIcon;
				CODE_SIGN_STYLE = Automatic;
				DEVELOPMENT_TEAM = 5Q6UX6P72C;
				INFOPLIST_FILE = CreditCardGenerator/Info.plist;
				IPHONEOS_DEPLOYMENT_TARGET = 9.0;
				LD_RUNPATH_SEARCH_PATHS = "$(inherited) @executable_path/Frameworks";
				PRODUCT_BUNDLE_IDENTIFIER = BartoszWol.CreditCardGenerator;
				PRODUCT_NAME = "$(TARGET_NAME)";
				SWIFT_VERSION = 4.0;
				TARGETED_DEVICE_FAMILY = 1;
			};
			name = Debug;
		};
		966719A71FC856C600990AAB /* Release */ = {
			isa = XCBuildConfiguration;
			baseConfigurationReference = 0A8EFDA4F071B8BDBBA28F87 /* Pods-CreditCardGenerator.release.xcconfig */;
			buildSettings = {
				ASSETCATALOG_COMPILER_APPICON_NAME = AppIcon;
				CODE_SIGN_STYLE = Automatic;
				DEVELOPMENT_TEAM = 5Q6UX6P72C;
				INFOPLIST_FILE = CreditCardGenerator/Info.plist;
				IPHONEOS_DEPLOYMENT_TARGET = 9.0;
				LD_RUNPATH_SEARCH_PATHS = "$(inherited) @executable_path/Frameworks";
				PRODUCT_BUNDLE_IDENTIFIER = BartoszWol.CreditCardGenerator;
				PRODUCT_NAME = "$(TARGET_NAME)";
				SWIFT_VERSION = 4.0;
				TARGETED_DEVICE_FAMILY = 1;
			};
			name = Release;
		};
/* End XCBuildConfiguration section */

/* Begin XCConfigurationList section */
		9667198E1FC856C600990AAB /* Build configuration list for PBXProject "CreditCardGenerator" */ = {
			isa = XCConfigurationList;
			buildConfigurations = (
				966719A31FC856C600990AAB /* Debug */,
				966719A41FC856C600990AAB /* Release */,
			);
			defaultConfigurationIsVisible = 0;
			defaultConfigurationName = Release;
		};
		966719A51FC856C600990AAB /* Build configuration list for PBXNativeTarget "CreditCardGenerator" */ = {
			isa = XCConfigurationList;
			buildConfigurations = (
				966719A61FC856C600990AAB /* Debug */,
				966719A71FC856C600990AAB /* Release */,
			);
			defaultConfigurationIsVisible = 0;
			defaultConfigurationName = Release;
		};
/* End XCConfigurationList section */
	};
	rootObject = 9667198B1FC856C600990AAB /* Project object */;
}
